{
  "name": "duotone-dark-gray-syntax",
  "version": "2.1.0",
  "lockfileVersion": 1,
  "requires": true,
  "dependencies": {
    "chroma-js": {
      "version": "https://registry.npmjs.org/chroma-js/-/chroma-js-1.1.1.tgz",
      "integrity": "sha1-m7lDSVkzbs51cAqq3+7ccYBtjAU="
    },
    "duotone-syntax": {
      "version": "https://registry.npmjs.org/duotone-syntax/-/duotone-syntax-2.1.0.tgz",
      "integrity": "sha1-/8aJ8TJzsFjq3iPtWCU4hzzLQOg="
    }
  }
}
